
Microsoft Visual Studio Solution File, Format Version 12.00
# Visual Studio 15
Project("{FAE04EC0-301F-11D3-BF4B-00C04F79EFBC}") = "AddBook.Android", "AddBook.Android\AddBook.Android.csproj", "{67B564AF-EDC1-4856-893B-BC12B6B6EBF3}"
EndProject
Project("{FAE04EC0-301F-11D3-BF4B-00C04F79EFBC}") = "AddBook.iOS", "AddBook.iOS\AddBook.iOS.csproj", "{1EA4726D-22B3-4814-996A-B29B353A0E18}"
EndProject
Project("{FAE04EC0-301F-11D3-BF4B-00C04F79EFBC}") = "AddBook", "AddBook\AddBook.csproj", "{A3890B8C-2EF9-4D4B-A708-81E47D374492}"
EndProject
Global
	GlobalSection(SolutionConfigurationPlatforms) = preSolution
		Debug|Any CPU = Debug|Any CPU
		Release|Any CPU = Release|Any CPU
		Debug|iPhoneSimulator = Debug|iPhoneSimulator
		Release|iPhoneSimulator = Release|iPhoneSimulator
		Debug|iPhone = Debug|iPhone
		Release|iPhone = Release|iPhone
	EndGlobalSection
	GlobalSection(ProjectConfigurationPlatforms) = postSolution
		{67B564AF-EDC1-4856-893B-BC12B6B6EBF3}.Debug|Any CPU.ActiveCfg = Debug|Any CPU
		{67B564AF-EDC1-4856-893B-BC12B6B6EBF3}.Debug|Any CPU.Build.0 = Debug|Any CPU
		{67B564AF-EDC1-4856-893B-BC12B6B6EBF3}.Release|Any CPU.ActiveCfg = Release|Any CPU
		{67B564AF-EDC1-4856-893B-BC12B6B6EBF3}.Release|Any CPU.Build.0 = Release|Any CPU
		{67B564AF-EDC1-4856-893B-BC12B6B6EBF3}.Debug|iPhoneSimulator.ActiveCfg = Debug|Any CPU
		{67B564AF-EDC1-4856-893B-BC12B6B6EBF3}.Debug|iPhoneSimulator.Build.0 = Debug|Any CPU
		{67B564AF-EDC1-4856-893B-BC12B6B6EBF3}.Release|iPhoneSimulator.ActiveCfg = Release|Any CPU
		{67B564AF-EDC1-4856-893B-BC12B6B6EBF3}.Release|iPhoneSimulator.Build.0 = Release|Any CPU
		{67B564AF-EDC1-4856-893B-BC12B6B6EBF3}.Debug|iPhone.ActiveCfg = Debug|Any CPU
		{67B564AF-EDC1-4856-893B-BC12B6B6EBF3}.Debug|iPhone.Build.0 = Debug|Any CPU
		{67B564AF-EDC1-4856-893B-BC12B6B6EBF3}.Release|iPhone.ActiveCfg = Release|Any CPU
		{67B564AF-EDC1-4856-893B-BC12B6B6EBF3}.Release|iPhone.Build.0 = Release|Any CPU
		{1EA4726D-22B3-4814-996A-B29B353A0E18}.Debug|Any CPU.ActiveCfg = Debug|iPhoneSimulator
		{1EA4726D-22B3-4814-996A-B29B353A0E18}.Debug|Any CPU.Build.0 = Debug|iPhoneSimulator
		{1EA4726D-22B3-4814-996A-B29B353A0E18}.Release|Any CPU.ActiveCfg = Release|iPhoneSimulator
		{1EA4726D-22B3-4814-996A-B29B353A0E18}.Release|Any CPU.Build.0 = Release|iPhoneSimulator
		{1EA4726D-22B3-4814-996A-B29B353A0E18}.Debug|iPhoneSimulator.ActiveCfg = Debug|iPhoneSimulator
		{1EA4726D-22B3-4814-996A-B29B353A0E18}.Debug|iPhoneSimulator.Build.0 = Debug|iPhoneSimulator
		{1EA4726D-22B3-4814-996A-B29B353A0E18}.Release|iPhoneSimulator.ActiveCfg = Release|iPhoneSimulator
		{1EA4726D-22B3-4814-996A-B29B353A0E18}.Release|iPhoneSimulator.Build.0 = Release|iPhoneSimulator
		{1EA4726D-22B3-4814-996A-B29B353A0E18}.Debug|iPhone.ActiveCfg = Debug|iPhone
		{1EA4726D-22B3-4814-996A-B29B353A0E18}.Debug|iPhone.Build.0 = Debug|iPhone
		{1EA4726D-22B3-4814-996A-B29B353A0E18}.Release|iPhone.ActiveCfg = Release|iPhone
		{1EA4726D-22B3-4814-996A-B29B353A0E18}.Release|iPhone.Build.0 = Release|iPhone
		{A3890B8C-2EF9-4D4B-A708-81E47D374492}.Debug|Any CPU.ActiveCfg = Debug|Any CPU
		{A3890B8C-2EF9-4D4B-A708-81E47D374492}.Debug|Any CPU.Build.0 = Debug|Any CPU
		{A3890B8C-2EF9-4D4B-A708-81E47D374492}.Release|Any CPU.ActiveCfg = Release|Any CPU
		{A3890B8C-2EF9-4D4B-A708-81E47D374492}.Release|Any CPU.Build.0 = Release|Any CPU
		{A3890B8C-2EF9-4D4B-A708-81E47D374492}.Debug|iPhoneSimulator.ActiveCfg = Debug|Any CPU
		{A3890B8C-2EF9-4D4B-A708-81E47D374492}.Debug|iPhoneSimulator.Build.0 = Debug|Any CPU
		{A3890B8C-2EF9-4D4B-A708-81E47D374492}.Release|iPhoneSimulator.ActiveCfg = Release|Any CPU
		{A3890B8C-2EF9-4D4B-A708-81E47D374492}.Release|iPhoneSimulator.Build.0 = Release|Any CPU
		{A3890B8C-2EF9-4D4B-A708-81E47D374492}.Debug|iPhone.ActiveCfg = Debug|Any CPU
		{A3890B8C-2EF9-4D4B-A708-81E47D374492}.Debug|iPhone.Build.0 = Debug|Any CPU
		{A3890B8C-2EF9-4D4B-A708-81E47D374492}.Release|iPhone.ActiveCfg = Release|Any CPU
		{A3890B8C-2EF9-4D4B-A708-81E47D374492}.Release|iPhone.Build.0 = Release|Any CPU
	EndGlobalSection
EndGlobal
